
Microsoft Visual Studio Solution File, Format Version 12.00
# Visual Studio Version 16
VisualStudioVersion = 16.0.29519.181
MinimumVisualStudioVersion = 15.0.26124.0
Project("{2150E333-8FDC-42A3-9474-1A3956D46DE8}") = "source", "source", "{E9FC4AAC-E342-4F19-AF70-47E29DAFC5DD}"
EndProject
Project("{9A19103F-16F7-4668-BE54-9A1E7A4F7556}") = "Dgraph-dotnet", "source\Dgraph-dotnet\Dgraph-dotnet.csproj", "{351DAE37-EB5A-4821-8BB1-14952AAD5F93}"
EndProject
Project("{9A19103F-16F7-4668-BE54-9A1E7A4F7556}") = "Dgraph-dotnet.tests", "source\Dgraph-dotnet.tests\Dgraph-dotnet.tests.csproj", "{515C0814-C181-4DF0-A4CE-DD0AD54FB880}"
EndProject
Project("{2150E333-8FDC-42A3-9474-1A3956D46DE8}") = "Dgraph-dotnet.examples", "Dgraph-dotnet.examples", "{1455EE5E-2669-4083-AD94-5F1996DB1E1D}"
EndProject
Project("{9A19103F-16F7-4668-BE54-9A1E7A4F7556}") = "MovieLensBatch", "source\Dgraph-dotnet.examples\MovieLensBatch\MovieLensBatch.csproj", "{0F560862-19BC-44F5-AC79-B90D6BD16E8F}"
EndProject
Project("{9A19103F-16F7-4668-BE54-9A1E7A4F7556}") = "MutationExample", "source\Dgraph-dotnet.examples\MutationExample\MutationExample.csproj", "{B70197CC-3F10-41A7-BE0F-15752FA7FBE9}"
EndProject
Project("{9A19103F-16F7-4668-BE54-9A1E7A4F7556}") = "Dgraph-dotnet.tests.e2e", "source\Dgraph-dotnet.tests.e2e\Dgraph-dotnet.tests.e2e.csproj", "{4B25EEB0-5049-481D-ACA3-BB4578990A3C}"
EndProject
Global
	GlobalSection(SolutionConfigurationPlatforms) = preSolution
		Debug|Any CPU = Debug|Any CPU
		Debug|x64 = Debug|x64
		Debug|x86 = Debug|x86
		Release|Any CPU = Release|Any CPU
		Release|x64 = Release|x64
		Release|x86 = Release|x86
	EndGlobalSection
	GlobalSection(ProjectConfigurationPlatforms) = postSolution
		{351DAE37-EB5A-4821-8BB1-14952AAD5F93}.Debug|Any CPU.ActiveCfg = Debug|Any CPU
		{351DAE37-EB5A-4821-8BB1-14952AAD5F93}.Debug|Any CPU.Build.0 = Debug|Any CPU
		{351DAE37-EB5A-4821-8BB1-14952AAD5F93}.Debug|x64.ActiveCfg = Debug|Any CPU
		{351DAE37-EB5A-4821-8BB1-14952AAD5F93}.Debug|x64.Build.0 = Debug|Any CPU
		{351DAE37-EB5A-4821-8BB1-14952AAD5F93}.Debug|x86.ActiveCfg = Debug|Any CPU
		{351DAE37-EB5A-4821-8BB1-14952AAD5F93}.Debug|x86.Build.0 = Debug|Any CPU
		{351DAE37-EB5A-4821-8BB1-14952AAD5F93}.Release|Any CPU.ActiveCfg = Release|Any CPU
		{351DAE37-EB5A-4821-8BB1-14952AAD5F93}.Release|Any CPU.Build.0 = Release|Any CPU
		{351DAE37-EB5A-4821-8BB1-14952AAD5F93}.Release|x64.ActiveCfg = Release|Any CPU
		{351DAE37-EB5A-4821-8BB1-14952AAD5F93}.Release|x64.Build.0 = Release|Any CPU
		{351DAE37-EB5A-4821-8BB1-14952AAD5F93}.Release|x86.ActiveCfg = Release|Any CPU
		{351DAE37-EB5A-4821-8BB1-14952AAD5F93}.Release|x86.Build.0 = Release|Any CPU
		{515C0814-C181-4DF0-A4CE-DD0AD54FB880}.Debug|Any CPU.ActiveCfg = Debug|Any CPU
		{515C0814-C181-4DF0-A4CE-DD0AD54FB880}.Debug|Any CPU.Build.0 = Debug|Any CPU
		{515C0814-C181-4DF0-A4CE-DD0AD54FB880}.Debug|x64.ActiveCfg = Debug|Any CPU
		{515C0814-C181-4DF0-A4CE-DD0AD54FB880}.Debug|x64.Build.0 = Debug|Any CPU
		{515C0814-C181-4DF0-A4CE-DD0AD54FB880}.Debug|x86.ActiveCfg = Debug|Any CPU
		{515C0814-C181-4DF0-A4CE-DD0AD54FB880}.Debug|x86.Build.0 = Debug|Any CPU
		{515C0814-C181-4DF0-A4CE-DD0AD54FB880}.Release|Any CPU.ActiveCfg = Release|Any CPU
		{515C0814-C181-4DF0-A4CE-DD0AD54FB880}.Release|Any CPU.Build.0 = Release|Any CPU
		{515C0814-C181-4DF0-A4CE-DD0AD54FB880}.Release|x64.ActiveCfg = Release|Any CPU
		{515C0814-C181-4DF0-A4CE-DD0AD54FB880}.Release|x64.Build.0 = Release|Any CPU
		{515C0814-C181-4DF0-A4CE-DD0AD54FB880}.Release|x86.ActiveCfg = Release|Any CPU
		{515C0814-C181-4DF0-A4CE-DD0AD54FB880}.Release|x86.Build.0 = Release|Any CPU
		{0F560862-19BC-44F5-AC79-B90D6BD16E8F}.Debug|Any CPU.ActiveCfg = Debug|Any CPU
		{0F560862-19BC-44F5-AC79-B90D6BD16E8F}.Debug|Any CPU.Build.0 = Debug|Any CPU
		{0F560862-19BC-44F5-AC79-B90D6BD16E8F}.Debug|x64.ActiveCfg = Debug|Any CPU
		{0F560862-19BC-44F5-AC79-B90D6BD16E8F}.Debug|x64.Build.0 = Debug|Any CPU
		{0F560862-19BC-44F5-AC79-B90D6BD16E8F}.Debug|x86.ActiveCfg = Debug|Any CPU
		{0F560862-19BC-44F5-AC79-B90D6BD16E8F}.Debug|x86.Build.0 = Debug|Any CPU
		{0F560862-19BC-44F5-AC79-B90D6BD16E8F}.Release|Any CPU.ActiveCfg = Release|Any CPU
		{0F560862-19BC-44F5-AC79-B90D6BD16E8F}.Release|Any CPU.Build.0 = Release|Any CPU
		{0F560862-19BC-44F5-AC79-B90D6BD16E8F}.Release|x64.ActiveCfg = Release|Any CPU
		{0F560862-19BC-44F5-AC79-B90D6BD16E8F}.Release|x64.Build.0 = Release|Any CPU
		{0F560862-19BC-44F5-AC79-B90D6BD16E8F}.Release|x86.ActiveCfg = Release|Any CPU
		{0F560862-19BC-44F5-AC79-B90D6BD16E8F}.Release|x86.Build.0 = Release|Any CPU
		{B70197CC-3F10-41A7-BE0F-15752FA7FBE9}.Debug|Any CPU.ActiveCfg = Debug|Any CPU
		{B70197CC-3F10-41A7-BE0F-15752FA7FBE9}.Debug|Any CPU.Build.0 = Debug|Any CPU
		{B70197CC-3F10-41A7-BE0F-15752FA7FBE9}.Debug|x64.ActiveCfg = Debug|Any CPU
		{B70197CC-3F10-41A7-BE0F-15752FA7FBE9}.Debug|x64.Build.0 = Debug|Any CPU
		{B70197CC-3F10-41A7-BE0F-15752FA7FBE9}.Debug|x86.ActiveCfg = Debug|Any CPU
		{B70197CC-3F10-41A7-BE0F-15752FA7FBE9}.Debug|x86.Build.0 = Debug|Any CPU
		{B70197CC-3F10-41A7-BE0F-15752FA7FBE9}.Release|Any CPU.ActiveCfg = Release|Any CPU
		{B70197CC-3F10-41A7-BE0F-15752FA7FBE9}.Release|Any CPU.Build.0 = Release|Any CPU
		{B70197CC-3F10-41A7-BE0F-15752FA7FBE9}.Release|x64.ActiveCfg = Release|Any CPU
		{B70197CC-3F10-41A7-BE0F-15752FA7FBE9}.Release|x64.Build.0 = Release|Any CPU
		{B70197CC-3F10-41A7-BE0F-15752FA7FBE9}.Release|x86.ActiveCfg = Release|Any CPU
		{B70197CC-3F10-41A7-BE0F-15752FA7FBE9}.Release|x86.Build.0 = Release|Any CPU
		{4B25EEB0-5049-481D-ACA3-BB4578990A3C}.Debug|Any CPU.ActiveCfg = Debug|Any CPU
		{4B25EEB0-5049-481D-ACA3-BB4578990A3C}.Debug|Any CPU.Build.0 = Debug|Any CPU
		{4B25EEB0-5049-481D-ACA3-BB4578990A3C}.Debug|x64.ActiveCfg = Debug|Any CPU
		{4B25EEB0-5049-481D-ACA3-BB4578990A3C}.Debug|x64.Build.0 = Debug|Any CPU
		{4B25EEB0-5049-481D-ACA3-BB4578990A3C}.Debug|x86.ActiveCfg = Debug|Any CPU
		{4B25EEB0-5049-481D-ACA3-BB4578990A3C}.Debug|x86.Build.0 = Debug|Any CPU
		{4B25EEB0-5049-481D-ACA3-BB4578990A3C}.Release|Any CPU.ActiveCfg = Release|Any CPU
		{4B25EEB0-5049-481D-ACA3-BB4578990A3C}.Release|Any CPU.Build.0 = Release|Any CPU
		{4B25EEB0-5049-481D-ACA3-BB4578990A3C}.Release|x64.ActiveCfg = Release|Any CPU
		{4B25EEB0-5049-481D-ACA3-BB4578990A3C}.Release|x64.Build.0 = Release|Any CPU
		{4B25EEB0-5049-481D-ACA3-BB4578990A3C}.Release|x86.ActiveCfg = Release|Any CPU
		{4B25EEB0-5049-481D-ACA3-BB4578990A3C}.Release|x86.Build.0 = Release|Any CPU
	EndGlobalSection
	GlobalSection(SolutionProperties) = preSolution
		HideSolutionNode = FALSE
	EndGlobalSection
	GlobalSection(NestedProjects) = preSolution
		{351DAE37-EB5A-4821-8BB1-14952AAD5F93} = {E9FC4AAC-E342-4F19-AF70-47E29DAFC5DD}
		{515C0814-C181-4DF0-A4CE-DD0AD54FB880} = {E9FC4AAC-E342-4F19-AF70-47E29DAFC5DD}
		{1455EE5E-2669-4083-AD94-5F1996DB1E1D} = {E9FC4AAC-E342-4F19-AF70-47E29DAFC5DD}
		{0F560862-19BC-44F5-AC79-B90D6BD16E8F} = {1455EE5E-2669-4083-AD94-5F1996DB1E1D}
		{B70197CC-3F10-41A7-BE0F-15752FA7FBE9} = {1455EE5E-2669-4083-AD94-5F1996DB1E1D}
		{4B25EEB0-5049-481D-ACA3-BB4578990A3C} = {E9FC4AAC-E342-4F19-AF70-47E29DAFC5DD}
	EndGlobalSection
	GlobalSection(ExtensibilityGlobals) = postSolution
		SolutionGuid = {CC6707FA-0324-47E2-9D1F-1824B8689782}
	EndGlobalSection
EndGlobal
